
Microsoft Visual Studio Solution File, Format Version 12.00
# Visual Studio Version 17
VisualStudioVersion = 17.7.34221.43
MinimumVisualStudioVersion = 10.0.40219.1
Project("{FAE04EC0-301F-11D3-BF4B-00C04F79EFBC}") = "Archi", "Archi\Archi.csproj", "{0F277CEE-06F2-41B6-8EA1-562514003E38}"
EndProject
Global
	GlobalSection(SolutionConfigurationPlatforms) = preSolution
		Debug|Any CPU = Debug|Any CPU
		Release|Any CPU = Release|Any CPU
	EndGlobalSection
	GlobalSection(ProjectConfigurationPlatforms) = postSolution
		{0F277CEE-06F2-41B6-8EA1-562514003E38}.Debug|Any CPU.ActiveCfg = Debug|Any CPU
		{0F277CEE-06F2-41B6-8EA1-562514003E38}.Debug|Any CPU.Build.0 = Debug|Any CPU
		{0F277CEE-06F2-41B6-8EA1-562514003E38}.Release|Any CPU.ActiveCfg = Release|Any CPU
		{0F277CEE-06F2-41B6-8EA1-562514003E38}.Release|Any CPU.Build.0 = Release|Any CPU
	EndGlobalSection
	GlobalSection(SolutionProperties) = preSolution
		HideSolutionNode = FALSE
	EndGlobalSection
	GlobalSection(ExtensibilityGlobals) = postSolution
		SolutionGuid = {FAC989FF-8593-4CC9-A21B-8491731858CF}
	EndGlobalSection
EndGlobal
